
Microsoft Visual Studio Solution File, Format Version 12.00
# Visual Studio Version 17
VisualStudioVersion = 17.5.002.0
MinimumVisualStudioVersion = 10.0.40219.1
Project("{2150E333-8FDC-42A3-9474-1A3956D46DE8}") = "csharp-prep", "csharp-prep", "{83D147D0-7520-4967-8C85-B0A4C3DC826C}"
EndProject
Project("{9A19103F-16F7-4668-BE54-9A1E7A4F7556}") = "Prep1", "csharp-prep\Prep1\Prep1.csproj", "{17AD575A-49CC-4759-81B2-9DE51D283C54}"
EndProject
Project("{9A19103F-16F7-4668-BE54-9A1E7A4F7556}") = "Prep2", "csharp-prep\Prep2\Prep2.csproj", "{40D9FF5A-9771-4EEF-9FFC-D3875A2F14A5}"
EndProject
Project("{9A19103F-16F7-4668-BE54-9A1E7A4F7556}") = "Prep3", "csharp-prep\Prep3\Prep3.csproj", "{80FF49EC-2631-4BAF-8145-F7FFCC925C4B}"
EndProject
Project("{9A19103F-16F7-4668-BE54-9A1E7A4F7556}") = "Prep4", "csharp-prep\Prep4\Prep4.csproj", "{ECF9E3C5-46ED-49CC-A990-7E3F93578FC1}"
EndProject
Project("{9A19103F-16F7-4668-BE54-9A1E7A4F7556}") = "Prep5", "csharp-prep\Prep5\Prep5.csproj", "{9361E477-2ABC-4FED-932F-7E7E925B0ADF}"
EndProject
Project("{2150E333-8FDC-42A3-9474-1A3956D46DE8}") = "final", "final", "{BD3CF007-FABB-41F5-A01E-BA7F7B3D5E17}"
EndProject
Project("{9A19103F-16F7-4668-BE54-9A1E7A4F7556}") = "FinalProject", "final\FinalProject\FinalProject.csproj", "{4A5EB00F-645B-4783-ABB2-30656F98C85A}"
EndProject
Project("{9A19103F-16F7-4668-BE54-9A1E7A4F7556}") = "Foundation1", "final\Foundation1\Foundation1.csproj", "{B996C56E-B016-41B8-8DA1-4FBA9FB3FE0E}"
EndProject
Project("{9A19103F-16F7-4668-BE54-9A1E7A4F7556}") = "Foundation2", "final\Foundation2\Foundation2.csproj", "{178F65C2-9B9B-4127-8138-9531AC87BFDC}"
EndProject
Project("{9A19103F-16F7-4668-BE54-9A1E7A4F7556}") = "Foundation3", "final\Foundation3\Foundation3.csproj", "{46F0E1EA-BA5A-4590-AB31-F4F256114C7B}"
EndProject
Project("{9A19103F-16F7-4668-BE54-9A1E7A4F7556}") = "Foundation4", "final\Foundation4\Foundation4.csproj", "{85EF2C0D-E1B4-4F8C-BFC6-EAAC645C7266}"
EndProject
Project("{2150E333-8FDC-42A3-9474-1A3956D46DE8}") = "prepare", "prepare", "{A4EEF10C-52D8-4D08-9785-6722B42A41DE}"
EndProject
Project("{9A19103F-16F7-4668-BE54-9A1E7A4F7556}") = "Learning02", "prepare\Learning02\Learning02.csproj", "{68D6E976-8E22-43B8-9EF1-46A6DD68482A}"
EndProject
Project("{9A19103F-16F7-4668-BE54-9A1E7A4F7556}") = "Learning03", "prepare\Learning03\Learning03.csproj", "{07155566-9A12-4082-9768-4443C64BF3BA}"
EndProject
Project("{9A19103F-16F7-4668-BE54-9A1E7A4F7556}") = "Learning04", "prepare\Learning04\Learning04.csproj", "{325BCE97-0CEC-48D4-8094-C7DE4A9CDD2C}"
EndProject
Project("{9A19103F-16F7-4668-BE54-9A1E7A4F7556}") = "Learning05", "prepare\Learning05\Learning05.csproj", "{3738AF9D-2D94-4E2F-A738-E0FC7B91B614}"
EndProject
Project("{2150E333-8FDC-42A3-9474-1A3956D46DE8}") = "prove", "prove", "{9BA8161F-5147-4BEE-A564-A20EEA53C945}"
EndProject
Project("{9A19103F-16F7-4668-BE54-9A1E7A4F7556}") = "Develop02", "prove\Develop02\Develop02.csproj", "{AB2ED459-B8EA-473E-A49F-2369A371AEA4}"
EndProject
Project("{9A19103F-16F7-4668-BE54-9A1E7A4F7556}") = "Develop03", "prove\Develop03\Develop03.csproj", "{23A42BF3-B702-4D28-8869-B9E0E08AB5A8}"
EndProject
Project("{9A19103F-16F7-4668-BE54-9A1E7A4F7556}") = "Develop04", "prove\Develop04\Develop04.csproj", "{59598EA5-536A-4765-B241-E712E1B8253E}"
EndProject
Project("{9A19103F-16F7-4668-BE54-9A1E7A4F7556}") = "Develop05", "prove\Develop05\Develop05.csproj", "{ABD4A367-31EE-473C-9B05-C39618353B88}"
EndProject
Project("{2150E333-8FDC-42A3-9474-1A3956D46DE8}") = "sandbox", "sandbox", "{19BEB2D9-53B5-4D3D-AD3A-ECFD24A65A7A}"
EndProject
Project("{9A19103F-16F7-4668-BE54-9A1E7A4F7556}") = "Sandbox", "sandbox\Sandbox\Sandbox.csproj", "{10745A9C-4C03-4D59-8D2C-9AC8B64311FF}"
EndProject
Global
	GlobalSection(SolutionConfigurationPlatforms) = preSolution
		Debug|Any CPU = Debug|Any CPU
		Release|Any CPU = Release|Any CPU
	EndGlobalSection
	GlobalSection(ProjectConfigurationPlatforms) = postSolution
		{17AD575A-49CC-4759-81B2-9DE51D283C54}.Debug|Any CPU.ActiveCfg = Debug|Any CPU
		{17AD575A-49CC-4759-81B2-9DE51D283C54}.Debug|Any CPU.Build.0 = Debug|Any CPU
		{17AD575A-49CC-4759-81B2-9DE51D283C54}.Release|Any CPU.ActiveCfg = Release|Any CPU
		{17AD575A-49CC-4759-81B2-9DE51D283C54}.Release|Any CPU.Build.0 = Release|Any CPU
		{40D9FF5A-9771-4EEF-9FFC-D3875A2F14A5}.Debug|Any CPU.ActiveCfg = Debug|Any CPU
		{40D9FF5A-9771-4EEF-9FFC-D3875A2F14A5}.Debug|Any CPU.Build.0 = Debug|Any CPU
		{40D9FF5A-9771-4EEF-9FFC-D3875A2F14A5}.Release|Any CPU.ActiveCfg = Release|Any CPU
		{40D9FF5A-9771-4EEF-9FFC-D3875A2F14A5}.Release|Any CPU.Build.0 = Release|Any CPU
		{80FF49EC-2631-4BAF-8145-F7FFCC925C4B}.Debug|Any CPU.ActiveCfg = Debug|Any CPU
		{80FF49EC-2631-4BAF-8145-F7FFCC925C4B}.Debug|Any CPU.Build.0 = Debug|Any CPU
		{80FF49EC-2631-4BAF-8145-F7FFCC925C4B}.Release|Any CPU.ActiveCfg = Release|Any CPU
		{80FF49EC-2631-4BAF-8145-F7FFCC925C4B}.Release|Any CPU.Build.0 = Release|Any CPU
		{ECF9E3C5-46ED-49CC-A990-7E3F93578FC1}.Debug|Any CPU.ActiveCfg = Debug|Any CPU
		{ECF9E3C5-46ED-49CC-A990-7E3F93578FC1}.Debug|Any CPU.Build.0 = Debug|Any CPU
		{ECF9E3C5-46ED-49CC-A990-7E3F93578FC1}.Release|Any CPU.ActiveCfg = Release|Any CPU
		{ECF9E3C5-46ED-49CC-A990-7E3F93578FC1}.Release|Any CPU.Build.0 = Release|Any CPU
		{9361E477-2ABC-4FED-932F-7E7E925B0ADF}.Debug|Any CPU.ActiveCfg = Debug|Any CPU
		{9361E477-2ABC-4FED-932F-7E7E925B0ADF}.Debug|Any CPU.Build.0 = Debug|Any CPU
		{9361E477-2ABC-4FED-932F-7E7E925B0ADF}.Release|Any CPU.ActiveCfg = Release|Any CPU
		{9361E477-2ABC-4FED-932F-7E7E925B0ADF}.Release|Any CPU.Build.0 = Release|Any CPU
		{4A5EB00F-645B-4783-ABB2-30656F98C85A}.Debug|Any CPU.ActiveCfg = Debug|Any CPU
		{4A5EB00F-645B-4783-ABB2-30656F98C85A}.Debug|Any CPU.Build.0 = Debug|Any CPU
		{4A5EB00F-645B-4783-ABB2-30656F98C85A}.Release|Any CPU.ActiveCfg = Release|Any CPU
		{4A5EB00F-645B-4783-ABB2-30656F98C85A}.Release|Any CPU.Build.0 = Release|Any CPU
		{B996C56E-B016-41B8-8DA1-4FBA9FB3FE0E}.Debug|Any CPU.ActiveCfg = Debug|Any CPU
		{B996C56E-B016-41B8-8DA1-4FBA9FB3FE0E}.Debug|Any CPU.Build.0 = Debug|Any CPU
		{B996C56E-B016-41B8-8DA1-4FBA9FB3FE0E}.Release|Any CPU.ActiveCfg = Release|Any CPU
		{B996C56E-B016-41B8-8DA1-4FBA9FB3FE0E}.Release|Any CPU.Build.0 = Release|Any CPU
		{178F65C2-9B9B-4127-8138-9531AC87BFDC}.Debug|Any CPU.ActiveCfg = Debug|Any CPU
		{178F65C2-9B9B-4127-8138-9531AC87BFDC}.Debug|Any CPU.Build.0 = Debug|Any CPU
		{178F65C2-9B9B-4127-8138-9531AC87BFDC}.Release|Any CPU.ActiveCfg = Release|Any CPU
		{178F65C2-9B9B-4127-8138-9531AC87BFDC}.Release|Any CPU.Build.0 = Release|Any CPU
		{46F0E1EA-BA5A-4590-AB31-F4F256114C7B}.Debug|Any CPU.ActiveCfg = Debug|Any CPU
		{46F0E1EA-BA5A-4590-AB31-F4F256114C7B}.Debug|Any CPU.Build.0 = Debug|Any CPU
		{46F0E1EA-BA5A-4590-AB31-F4F256114C7B}.Release|Any CPU.ActiveCfg = Release|Any CPU
		{46F0E1EA-BA5A-4590-AB31-F4F256114C7B}.Release|Any CPU.Build.0 = Release|Any CPU
		{85EF2C0D-E1B4-4F8C-BFC6-EAAC645C7266}.Debug|Any CPU.ActiveCfg = Debug|Any CPU
		{85EF2C0D-E1B4-4F8C-BFC6-EAAC645C7266}.Debug|Any CPU.Build.0 = Debug|Any CPU
		{85EF2C0D-E1B4-4F8C-BFC6-EAAC645C7266}.Release|Any CPU.ActiveCfg = Release|Any CPU
		{85EF2C0D-E1B4-4F8C-BFC6-EAAC645C7266}.Release|Any CPU.Build.0 = Release|Any CPU
		{68D6E976-8E22-43B8-9EF1-46A6DD68482A}.Debug|Any CPU.ActiveCfg = Debug|Any CPU
		{68D6E976-8E22-43B8-9EF1-46A6DD68482A}.Debug|Any CPU.Build.0 = Debug|Any CPU
		{68D6E976-8E22-43B8-9EF1-46A6DD68482A}.Release|Any CPU.ActiveCfg = Release|Any CPU
		{68D6E976-8E22-43B8-9EF1-46A6DD68482A}.Release|Any CPU.Build.0 = Release|Any CPU
		{07155566-9A12-4082-9768-4443C64BF3BA}.Debug|Any CPU.ActiveCfg = Debug|Any CPU
		{07155566-9A12-4082-9768-4443C64BF3BA}.Debug|Any CPU.Build.0 = Debug|Any CPU
		{07155566-9A12-4082-9768-4443C64BF3BA}.Release|Any CPU.ActiveCfg = Release|Any CPU
		{07155566-9A12-4082-9768-4443C64BF3BA}.Release|Any CPU.Build.0 = Release|Any CPU
		{325BCE97-0CEC-48D4-8094-C7DE4A9CDD2C}.Debug|Any CPU.ActiveCfg = Debug|Any CPU
		{325BCE97-0CEC-48D4-8094-C7DE4A9CDD2C}.Debug|Any CPU.Build.0 = Debug|Any CPU
		{325BCE97-0CEC-48D4-8094-C7DE4A9CDD2C}.Release|Any CPU.ActiveCfg = Release|Any CPU
		{325BCE97-0CEC-48D4-8094-C7DE4A9CDD2C}.Release|Any CPU.Build.0 = Release|Any CPU
		{3738AF9D-2D94-4E2F-A738-E0FC7B91B614}.Debug|Any CPU.ActiveCfg = Debug|Any CPU
		{3738AF9D-2D94-4E2F-A738-E0FC7B91B614}.Debug|Any CPU.Build.0 = Debug|Any CPU
		{3738AF9D-2D94-4E2F-A738-E0FC7B91B614}.Release|Any CPU.ActiveCfg = Release|Any CPU
		{3738AF9D-2D94-4E2F-A738-E0FC7B91B614}.Release|Any CPU.Build.0 = Release|Any CPU
		{AB2ED459-B8EA-473E-A49F-2369A371AEA4}.Debug|Any CPU.ActiveCfg = Debug|Any CPU
		{AB2ED459-B8EA-473E-A49F-2369A371AEA4}.Debug|Any CPU.Build.0 = Debug|Any CPU
		{AB2ED459-B8EA-473E-A49F-2369A371AEA4}.Release|Any CPU.ActiveCfg = Release|Any CPU
		{AB2ED459-B8EA-473E-A49F-2369A371AEA4}.Release|Any CPU.Build.0 = Release|Any CPU
		{23A42BF3-B702-4D28-8869-B9E0E08AB5A8}.Debug|Any CPU.ActiveCfg = Debug|Any CPU
		{23A42BF3-B702-4D28-8869-B9E0E08AB5A8}.Debug|Any CPU.Build.0 = Debug|Any CPU
		{23A42BF3-B702-4D28-8869-B9E0E08AB5A8}.Release|Any CPU.ActiveCfg = Release|Any CPU
		{23A42BF3-B702-4D28-8869-B9E0E08AB5A8}.Release|Any CPU.Build.0 = Release|Any CPU
		{59598EA5-536A-4765-B241-E712E1B8253E}.Debug|Any CPU.ActiveCfg = Debug|Any CPU
		{59598EA5-536A-4765-B241-E712E1B8253E}.Debug|Any CPU.Build.0 = Debug|Any CPU
		{59598EA5-536A-4765-B241-E712E1B8253E}.Release|Any CPU.ActiveCfg = Release|Any CPU
		{59598EA5-536A-4765-B241-E712E1B8253E}.Release|Any CPU.Build.0 = Release|Any CPU
		{ABD4A367-31EE-473C-9B05-C39618353B88}.Debug|Any CPU.ActiveCfg = Debug|Any CPU
		{ABD4A367-31EE-473C-9B05-C39618353B88}.Debug|Any CPU.Build.0 = Debug|Any CPU
		{ABD4A367-31EE-473C-9B05-C39618353B88}.Release|Any CPU.ActiveCfg = Release|Any CPU
		{ABD4A367-31EE-473C-9B05-C39618353B88}.Release|Any CPU.Build.0 = Release|Any CPU
		{10745A9C-4C03-4D59-8D2C-9AC8B64311FF}.Debug|Any CPU.ActiveCfg = Debug|Any CPU
		{10745A9C-4C03-4D59-8D2C-9AC8B64311FF}.Debug|Any CPU.Build.0 = Debug|Any CPU
		{10745A9C-4C03-4D59-8D2C-9AC8B64311FF}.Release|Any CPU.ActiveCfg = Release|Any CPU
		{10745A9C-4C03-4D59-8D2C-9AC8B64311FF}.Release|Any CPU.Build.0 = Release|Any CPU
	EndGlobalSection
	GlobalSection(SolutionProperties) = preSolution
		HideSolutionNode = FALSE
	EndGlobalSection
	GlobalSection(NestedProjects) = preSolution
		{17AD575A-49CC-4759-81B2-9DE51D283C54} = {83D147D0-7520-4967-8C85-B0A4C3DC826C}
		{40D9FF5A-9771-4EEF-9FFC-D3875A2F14A5} = {83D147D0-7520-4967-8C85-B0A4C3DC826C}
		{80FF49EC-2631-4BAF-8145-F7FFCC925C4B} = {83D147D0-7520-4967-8C85-B0A4C3DC826C}
		{ECF9E3C5-46ED-49CC-A990-7E3F93578FC1} = {83D147D0-7520-4967-8C85-B0A4C3DC826C}
		{9361E477-2ABC-4FED-932F-7E7E925B0ADF} = {83D147D0-7520-4967-8C85-B0A4C3DC826C}
		{4A5EB00F-645B-4783-ABB2-30656F98C85A} = {BD3CF007-FABB-41F5-A01E-BA7F7B3D5E17}
		{B996C56E-B016-41B8-8DA1-4FBA9FB3FE0E} = {BD3CF007-FABB-41F5-A01E-BA7F7B3D5E17}
		{178F65C2-9B9B-4127-8138-9531AC87BFDC} = {BD3CF007-FABB-41F5-A01E-BA7F7B3D5E17}
		{46F0E1EA-BA5A-4590-AB31-F4F256114C7B} = {BD3CF007-FABB-41F5-A01E-BA7F7B3D5E17}
		{85EF2C0D-E1B4-4F8C-BFC6-EAAC645C7266} = {BD3CF007-FABB-41F5-A01E-BA7F7B3D5E17}
		{68D6E976-8E22-43B8-9EF1-46A6DD68482A} = {A4EEF10C-52D8-4D08-9785-6722B42A41DE}
		{07155566-9A12-4082-9768-4443C64BF3BA} = {A4EEF10C-52D8-4D08-9785-6722B42A41DE}
		{325BCE97-0CEC-48D4-8094-C7DE4A9CDD2C} = {A4EEF10C-52D8-4D08-9785-6722B42A41DE}
		{3738AF9D-2D94-4E2F-A738-E0FC7B91B614} = {A4EEF10C-52D8-4D08-9785-6722B42A41DE}
		{AB2ED459-B8EA-473E-A49F-2369A371AEA4} = {9BA8161F-5147-4BEE-A564-A20EEA53C945}
		{23A42BF3-B702-4D28-8869-B9E0E08AB5A8} = {9BA8161F-5147-4BEE-A564-A20EEA53C945}
		{59598EA5-536A-4765-B241-E712E1B8253E} = {9BA8161F-5147-4BEE-A564-A20EEA53C945}
		{ABD4A367-31EE-473C-9B05-C39618353B88} = {9BA8161F-5147-4BEE-A564-A20EEA53C945}
		{10745A9C-4C03-4D59-8D2C-9AC8B64311FF} = {19BEB2D9-53B5-4D3D-AD3A-ECFD24A65A7A}
	EndGlobalSection
	GlobalSection(ExtensibilityGlobals) = postSolution
		SolutionGuid = {594EE017-3AD3-4961-A7D5-F3C634C1B489}
	EndGlobalSection
EndGlobal
